{
  "version": 4,
  "terraform_version": "1.3.3",
  "serial": 50,
  "lineage": "de0ac936-4930-680a-18c9-8bae798b131e",
  "outputs": {},
  "resources": [
    {
      "mode": "data",
      "type": "digitalocean_ssh_key",
      "name": "my_ssh_key",
      "provider": "provider[\"registry.terraform.io/digitalocean/digitalocean\"]",
      "instances": [
        {
          "schema_version": 0,
          "attributes": {
            "fingerprint": "e1:c4:58:50:23:da:73:3b:72:ad:29:6f:ac:99:e8:0a",
            "id": 36510350,
            "name": "MacBook",
            "public_key": "ssh-ed25519 AAAAC3NzaC1lZDI1NTE5AAAAIFzH1clePxSqCefKeWBCKw3yFgIyzhNn46zKRvseaxxH e850506@gmail.com"
          },
          "sensitive_attributes": []
        }
      ]
    },
    {
      "mode": "data",
      "type": "digitalocean_ssh_keys",
      "name": "keys",
      "provider": "provider[\"registry.terraform.io/digitalocean/digitalocean\"]",
      "instances": [
        {
          "schema_version": 0,
          "attributes": {
            "filter": null,
            "id": "ssh_keys/8339923274716572727",
            "sort": [
              {
                "direction": "asc",
                "key": "name"
              }
            ],
            "ssh_keys": [
              {
                "fingerprint": "19:df:a0:e8:a2:24:d5:a3:46:fc:8a:bb:6f:0d:b7:cb",
                "id": 36531435,
                "name": "MTK Mac Mini",
                "public_key": "ssh-ed25519 AAAAC3NzaC1lZDI1NTE5AAAAIPXYnPGrqZ0LzM572isUA+RBPqK26HiM0Y24fsytqLzM ds904297@PC21060003"
              },
              {
                "fingerprint": "e1:c4:58:50:23:da:73:3b:72:ad:29:6f:ac:99:e8:0a",
                "id": 36510350,
                "name": "MacBook",
                "public_key": "ssh-ed25519 AAAAC3NzaC1lZDI1NTE5AAAAIFzH1clePxSqCefKeWBCKw3yFgIyzhNn46zKRvseaxxH e850506@gmail.com"
              },
              {
                "fingerprint": "73:70:84:79:9b:49:0e:31:25:9b:af:57:57:91:b1:bc",
                "id": 32202591,
                "name": "todos application",
                "public_key": "ssh-rsa AAAAB3NzaC1yc2EAAAADAQABAAACAQD0tlAFmvOQXLPF0BI+1qmnzYroxS6405fc/pBxzVCP7JrmKY8EcdGPp3iR9ZxT6bNFiPgIrI7GbhObIFRCXHUZ+2EgzVoFNJLllt6j49DPm3P3kFHPUhqytSU0HyO/jECxtiDgP0gjboIml18Yvh4woU9DQAIy+C1m+re+5uJ0l3EkGUUlPtGHAsd56ftlNtIJNF69AP8ct4+P+X9nhMiFr2GHrplTHYSFeOuE9xcDi4Tjnc3gud+U+S/KrxaLxovbnWc8dJXy4dATfynIw2ElHxMKaSFaZgp3pJnFGbBZNZbz26Is5UfAh5l9xE6wvKPvnQDeNue7WoooyKQG37nWBoG1lo7ksURy+nSvVTAVrSc4jFEtkz/KZ3qoW77+1I9h5l4TkbOefEBO3iKm4bnVuoJJ0213rK5swziEhAOLnslT68gZTyfpC3pu06sltS4mSZ2karasmkvhcJUI7QUk1bpaiKn83aE0pgcGho48HqmFaJY/6idaQTmZXdQBUsdAVW087vw9gXQiq2vlg7r156BqQmE4d/DLzG9vla8qPhntOz+P6o2oqFjCX+ByPJG2+0QK2sc3HZkUAY4g9mF78Zv9Ndkr8zNqtfCzc6YvTJvt5MO5gsmXoSNvepOn1dACkZixvzZOpsBis9jTqqQek/4adqS110PJSi/PqcdgJQ== todos@todos.unknowntpo.net"
              }
            ]
          },
          "sensitive_attributes": []
        }
      ]
    },
    {
      "mode": "managed",
      "type": "digitalocean_droplet",
      "name": "droplets",
      "provider": "provider[\"registry.terraform.io/digitalocean/digitalocean\"]",
      "instances": [
        {
          "index_key": 0,
          "schema_version": 1,
          "attributes": {
            "backups": false,
            "created_at": "2022-11-22T13:11:37Z",
            "disk": 25,
            "droplet_agent": null,
            "graceful_shutdown": false,
            "id": "327828952",
            "image": "ubuntu-20-04-x64",
            "ipv4_address": "188.166.246.4",
            "ipv4_address_private": "10.104.0.3",
            "ipv6": false,
            "ipv6_address": "",
            "locked": false,
            "memory": 1024,
            "monitoring": false,
            "name": "kube0",
            "price_hourly": 0.00893,
            "price_monthly": 6,
            "private_networking": true,
            "region": "sgp1",
            "resize_disk": true,
            "size": "s-1vcpu-1gb",
            "ssh_keys": [
              "36510350"
            ],
            "status": "active",
            "tags": [
              "kube"
            ],
            "timeouts": null,
            "urn": "do:droplet:327828952",
            "user_data": null,
            "vcpus": 1,
            "volume_ids": [],
            "vpc_uuid": "3219ce3b-feb6-491f-8e6b-3bcba0854ee1"
          },
          "sensitive_attributes": [],
          "private": "eyJlMmJmYjczMC1lY2FhLTExZTYtOGY4OC0zNDM2M2JjN2M0YzAiOnsiY3JlYXRlIjozNjAwMDAwMDAwMDAwLCJkZWxldGUiOjYwMDAwMDAwMDAwLCJ1cGRhdGUiOjM2MDAwMDAwMDAwMDB9LCJzY2hlbWFfdmVyc2lvbiI6IjEifQ==",
          "dependencies": [
            "data.digitalocean_ssh_key.my_ssh_key",
            "digitalocean_tag.kube"
          ]
        },
        {
          "index_key": 1,
          "schema_version": 1,
          "attributes": {
            "backups": false,
            "created_at": "2022-11-22T13:11:36Z",
            "disk": 25,
            "droplet_agent": null,
            "graceful_shutdown": false,
            "id": "327828949",
            "image": "ubuntu-20-04-x64",
            "ipv4_address": "128.199.131.198",
            "ipv4_address_private": "10.104.0.2",
            "ipv6": false,
            "ipv6_address": "",
            "locked": false,
            "memory": 1024,
            "monitoring": false,
            "name": "kube1",
            "price_hourly": 0.00893,
            "price_monthly": 6,
            "private_networking": true,
            "region": "sgp1",
            "resize_disk": true,
            "size": "s-1vcpu-1gb",
            "ssh_keys": [
              "36510350"
            ],
            "status": "active",
            "tags": [
              "kube"
            ],
            "timeouts": null,
            "urn": "do:droplet:327828949",
            "user_data": null,
            "vcpus": 1,
            "volume_ids": [],
            "vpc_uuid": "3219ce3b-feb6-491f-8e6b-3bcba0854ee1"
          },
          "sensitive_attributes": [],
          "private": "eyJlMmJmYjczMC1lY2FhLTExZTYtOGY4OC0zNDM2M2JjN2M0YzAiOnsiY3JlYXRlIjozNjAwMDAwMDAwMDAwLCJkZWxldGUiOjYwMDAwMDAwMDAwLCJ1cGRhdGUiOjM2MDAwMDAwMDAwMDB9LCJzY2hlbWFfdmVyc2lvbiI6IjEifQ==",
          "dependencies": [
            "data.digitalocean_ssh_key.my_ssh_key",
            "digitalocean_tag.kube"
          ]
        },
        {
          "index_key": 2,
          "schema_version": 1,
          "attributes": {
            "backups": false,
            "created_at": "2022-11-22T13:11:37Z",
            "disk": 25,
            "droplet_agent": null,
            "graceful_shutdown": false,
            "id": "327828951",
            "image": "ubuntu-20-04-x64",
            "ipv4_address": "139.59.253.178",
            "ipv4_address_private": "10.104.0.4",
            "ipv6": false,
            "ipv6_address": "",
            "locked": false,
            "memory": 1024,
            "monitoring": false,
            "name": "kube2",
            "price_hourly": 0.00893,
            "price_monthly": 6,
            "private_networking": true,
            "region": "sgp1",
            "resize_disk": true,
            "size": "s-1vcpu-1gb",
            "ssh_keys": [
              "36510350"
            ],
            "status": "active",
            "tags": [
              "kube"
            ],
            "timeouts": null,
            "urn": "do:droplet:327828951",
            "user_data": null,
            "vcpus": 1,
            "volume_ids": [],
            "vpc_uuid": "3219ce3b-feb6-491f-8e6b-3bcba0854ee1"
          },
          "sensitive_attributes": [],
          "private": "eyJlMmJmYjczMC1lY2FhLTExZTYtOGY4OC0zNDM2M2JjN2M0YzAiOnsiY3JlYXRlIjozNjAwMDAwMDAwMDAwLCJkZWxldGUiOjYwMDAwMDAwMDAwLCJ1cGRhdGUiOjM2MDAwMDAwMDAwMDB9LCJzY2hlbWFfdmVyc2lvbiI6IjEifQ==",
          "dependencies": [
            "data.digitalocean_ssh_key.my_ssh_key",
            "digitalocean_tag.kube"
          ]
        }
      ]
    },
    {
      "mode": "managed",
      "type": "digitalocean_tag",
      "name": "kube",
      "provider": "provider[\"registry.terraform.io/digitalocean/digitalocean\"]",
      "instances": [
        {
          "schema_version": 0,
          "attributes": {
            "databases_count": 0,
            "droplets_count": 0,
            "id": "kube",
            "images_count": 0,
            "name": "kube",
            "total_resource_count": 0,
            "volume_snapshots_count": 0,
            "volumes_count": 0
          },
          "sensitive_attributes": [],
          "private": "bnVsbA=="
        }
      ]
    }
  ],
  "check_results": []
}
