{
  "name": "nsq",
  "version": "1.0.0",
  "lockfileVersion": 2,
  "requires": true,
  "packages": {
    "": {
      "name": "nsq",
      "version": "1.0.0",
      "license": "ISC",
      "dependencies": {
        "nsqjs": "^0.13.0"
      }
    },
    "node_modules/@napi-rs/snappy": {
      "version": "1.0.2",
      "resolved": "https://registry.npmjs.org/@napi-rs/snappy/-/snappy-1.0.2.tgz",
      "integrity": "sha512-QHuTPh/HCmDfXSnswisrfpq20rwRh5Xl5pR0BEfR/31cTN3IesH6RD0tcs7/ZuGld+EsT/O9ksDyTEKYOque6g==",
      "optional": true,
      "dependencies": {
        "@node-rs/helper": "^1.2.0"
      },
      "engines": {
        "node": ">= 10"
      },
      "funding": {
        "type": "github",
        "url": "https://github.com/sponsors/Brooooooklyn"
      },
      "optionalDependencies": {
        "@napi-rs/snappy-android-arm64": "^1.0.2",
        "@napi-rs/snappy-darwin-arm64": "^1.0.2",
        "@napi-rs/snappy-darwin-x64": "^1.0.2",
        "@napi-rs/snappy-freebsd-x64": "^1.0.2",
        "@napi-rs/snappy-linux-arm-gnueabihf": "^1.0.2",
        "@napi-rs/snappy-linux-arm64-gnu": "^1.0.2",
        "@napi-rs/snappy-linux-arm64-musl": "^1.0.2",
        "@napi-rs/snappy-linux-x64-gnu": "^1.0.2",
        "@napi-rs/snappy-linux-x64-musl": "^1.0.2",
        "@napi-rs/snappy-win32-arm64-msvc": "^1.0.2",
        "@napi-rs/snappy-win32-ia32-msvc": "^1.0.2",
        "@napi-rs/snappy-win32-x64-msvc": "^1.0.2"
      }
    },
    "node_modules/@napi-rs/snappy-android-arm64": {
      "version": "1.0.2",
      "resolved": "https://registry.npmjs.org/@napi-rs/snappy-android-arm64/-/snappy-android-arm64-1.0.2.tgz",
      "integrity": "sha512-I7VLnv6lJDquMX3AlC8JZREUplxOyPrqCeTLOg8eojISByyjCdEbn8xPzr8sdz2AF9fqzhqC3Hs9SOw3CtP/xg==",
      "cpu": [
        "arm64"
      ],
      "optional": true,
      "os": [
        "android"
      ],
      "engines": {
        "node": ">= 10"
      }
    },
    "node_modules/@napi-rs/snappy-darwin-arm64": {
      "version": "1.0.2",
      "resolved": "https://registry.npmjs.org/@napi-rs/snappy-darwin-arm64/-/snappy-darwin-arm64-1.0.2.tgz",
      "integrity": "sha512-bORHtrSu8zYklG5JyxOU2wseRo3tj8+WioP28M8TBseYVLrd+zckLVAia5J89NJD08LwJUdH/yW8VV3s+u8aLA==",
      "cpu": [
        "arm64"
      ],
      "optional": true,
      "os": [
        "darwin"
      ],
      "engines": {
        "node": ">= 10"
      }
    },
    "node_modules/@napi-rs/snappy-darwin-x64": {
      "version": "1.0.2",
      "resolved": "https://registry.npmjs.org/@napi-rs/snappy-darwin-x64/-/snappy-darwin-x64-1.0.2.tgz",
      "integrity": "sha512-FaJ2O23ALj7PLlDCOr5Jlzb4F+cGO4dfc+8xFbYC1XdAqvItZD7toRGs8g5sisdWJDRDpcP8jByF7XK2RIOLqQ==",
      "cpu": [
        "x64"
      ],
      "optional": true,
      "os": [
        "darwin"
      ],
      "engines": {
        "node": ">= 10"
      }
    },
    "node_modules/@napi-rs/snappy-freebsd-x64": {
      "version": "1.0.2",
      "resolved": "https://registry.npmjs.org/@napi-rs/snappy-freebsd-x64/-/snappy-freebsd-x64-1.0.2.tgz",
      "integrity": "sha512-oc4ahBFXL0zsSmO0bwtrTB8I1RBMNo2YPYlHdAf4SIFaqXkY3DHIDOSsLFSEvgQ0MKkBLZ8gtADheUz1Jr8HDQ==",
      "cpu": [
        "x64"
      ],
      "optional": true,
      "os": [
        "freebsd"
      ],
      "engines": {
        "node": ">= 10"
      }
    },
    "node_modules/@napi-rs/snappy-linux-arm-gnueabihf": {
      "version": "1.0.2",
      "resolved": "https://registry.npmjs.org/@napi-rs/snappy-linux-arm-gnueabihf/-/snappy-linux-arm-gnueabihf-1.0.2.tgz",
      "integrity": "sha512-9v4aKeYbdmgsLZBNaCr9Ws7mmtLrMjIeDMc0fytkCil4bmRJG86/nqMgq5jx1zC8waHYRp9GT2Vf53eVW/JXFA==",
      "cpu": [
        "arm"
      ],
      "optional": true,
      "os": [
        "linux"
      ],
      "engines": {
        "node": ">= 10"
      }
    },
    "node_modules/@napi-rs/snappy-linux-arm64-gnu": {
      "version": "1.0.2",
      "resolved": "https://registry.npmjs.org/@napi-rs/snappy-linux-arm64-gnu/-/snappy-linux-arm64-gnu-1.0.2.tgz",
      "integrity": "sha512-TljVpKLrlMzLMP0zW6Teqf2T0BWNvPMlzl/956XIxlEyH2lwNJKTOti/KdOsodamZK2M6zl9hMniao0QVcMHNQ==",
      "cpu": [
        "arm64"
      ],
      "optional": true,
      "os": [
        "linux"
      ],
      "engines": {
        "node": ">= 10"
      }
    },
    "node_modules/@napi-rs/snappy-linux-arm64-musl": {
      "version": "1.0.2",
      "resolved": "https://registry.npmjs.org/@napi-rs/snappy-linux-arm64-musl/-/snappy-linux-arm64-musl-1.0.2.tgz",
      "integrity": "sha512-XbIGdGb8r8j2CDCKDqs0FLr8VgQbdIUM5x6OEDjp5Mw3HeSDsDCGmNioJvzQl0t28ftDitE4BUeaMJM6OHYcAw==",
      "cpu": [
        "arm64"
      ],
      "optional": true,
      "os": [
        "linux"
      ],
      "engines": {
        "node": ">= 10"
      }
    },
    "node_modules/@napi-rs/snappy-linux-x64-gnu": {
      "version": "1.0.2",
      "resolved": "https://registry.npmjs.org/@napi-rs/snappy-linux-x64-gnu/-/snappy-linux-x64-gnu-1.0.2.tgz",
      "integrity": "sha512-XUJuwM7X7WaQ7TN3orog9/P1B7agDjW84eWbx45MHMalCkf/O14pWeehCBr7PKzQb7DVFNCPG9Z16VNNr2kxMg==",
      "cpu": [
        "x64"
      ],
      "optional": true,
      "os": [
        "linux"
      ],
      "engines": {
        "node": ">= 10"
      }
    },
    "node_modules/@napi-rs/snappy-linux-x64-musl": {
      "version": "1.0.2",
      "resolved": "https://registry.npmjs.org/@napi-rs/snappy-linux-x64-musl/-/snappy-linux-x64-musl-1.0.2.tgz",
      "integrity": "sha512-pAPPy+fFCP1gXr7Bbn1Nfsq3875WJdf54ti2oKKf3lgL22+afz9m2dMn1/GuWET1vzCaoGaEjb59J9J11cN8lg==",
      "cpu": [
        "x64"
      ],
      "optional": true,
      "os": [
        "linux"
      ],
      "engines": {
        "node": ">= 10"
      }
    },
    "node_modules/@napi-rs/snappy-win32-arm64-msvc": {
      "version": "1.0.2",
      "resolved": "https://registry.npmjs.org/@napi-rs/snappy-win32-arm64-msvc/-/snappy-win32-arm64-msvc-1.0.2.tgz",
      "integrity": "sha512-2amNgMm8LFhI8KzWlCuHByBKsCiB4c9ur5EY0PZCfbbUL+d8TRcVeHLndgUtgCqT+m+T35LXV6jpL3jF6vS3PQ==",
      "cpu": [
        "arm64"
      ],
      "optional": true,
      "os": [
        "win32"
      ],
      "engines": {
        "node": ">= 10"
      }
    },
    "node_modules/@napi-rs/snappy-win32-ia32-msvc": {
      "version": "1.0.2",
      "resolved": "https://registry.npmjs.org/@napi-rs/snappy-win32-ia32-msvc/-/snappy-win32-ia32-msvc-1.0.2.tgz",
      "integrity": "sha512-Z0ujqNb6ybi3CBZYV/dKZRQ3V0YqX74xwO0n/vV4FG+kjMbmz1x2O5B+cbpBdYciPLf/oN1EJMEbf/e+csHXig==",
      "cpu": [
        "ia32"
      ],
      "optional": true,
      "os": [
        "win32"
      ],
      "engines": {
        "node": ">= 10"
      }
    },
    "node_modules/@napi-rs/snappy-win32-x64-msvc": {
      "version": "1.0.2",
      "resolved": "https://registry.npmjs.org/@napi-rs/snappy-win32-x64-msvc/-/snappy-win32-x64-msvc-1.0.2.tgz",
      "integrity": "sha512-mpGGtdJp0+myWzVqtfkKcjdN8rXgN2b8ox6WxEe5CNga/vV8LdIpBl4HgQ4/GTd1PolG9v7eXqnl5Rli+yb8Nw==",
      "cpu": [
        "x64"
      ],
      "optional": true,
      "os": [
        "win32"
      ],
      "engines": {
        "node": ">= 10"
      }
    },
    "node_modules/@napi-rs/triples": {
      "version": "1.1.0",
      "resolved": "https://registry.npmjs.org/@napi-rs/triples/-/triples-1.1.0.tgz",
      "integrity": "sha512-XQr74QaLeMiqhStEhLn1im9EOMnkypp7MZOwQhGzqp2Weu5eQJbpPxWxixxlYRKWPOmJjsk6qYfYH9kq43yc2w==",
      "optional": true
    },
    "node_modules/@node-rs/crc32": {
      "version": "1.5.1",
      "resolved": "https://registry.npmjs.org/@node-rs/crc32/-/crc32-1.5.1.tgz",
      "integrity": "sha512-hq+gKqI4nmPwTVumCoknw3JyWzYCcwjIVOVAtdQlhueqqkvLLxXueBfA4e/6hAZwZhrGbvlccuKCil+q8yeLEw==",
      "optional": true,
      "engines": {
        "node": ">= 10"
      },
      "funding": {
        "type": "github",
        "url": "https://github.com/sponsors/Brooooooklyn"
      },
      "optionalDependencies": {
        "@node-rs/crc32-android-arm-eabi": "1.5.1",
        "@node-rs/crc32-android-arm64": "1.5.1",
        "@node-rs/crc32-darwin-arm64": "1.5.1",
        "@node-rs/crc32-darwin-x64": "1.5.1",
        "@node-rs/crc32-freebsd-x64": "1.5.1",
        "@node-rs/crc32-linux-arm-gnueabihf": "1.5.1",
        "@node-rs/crc32-linux-arm64-gnu": "1.5.1",
        "@node-rs/crc32-linux-arm64-musl": "1.5.1",
        "@node-rs/crc32-linux-x64-gnu": "1.5.1",
        "@node-rs/crc32-linux-x64-musl": "1.5.1",
        "@node-rs/crc32-win32-arm64-msvc": "1.5.1",
        "@node-rs/crc32-win32-ia32-msvc": "1.5.1",
        "@node-rs/crc32-win32-x64-msvc": "1.5.1"
      }
    },
    "node_modules/@node-rs/crc32-android-arm-eabi": {
      "version": "1.5.1",
      "resolved": "https://registry.npmjs.org/@node-rs/crc32-android-arm-eabi/-/crc32-android-arm-eabi-1.5.1.tgz",
      "integrity": "sha512-F1yUl/6arGr+zG0bxvAaJ39M15E8X7PkWBeVZzYctEvs67txCUddLY10tyuG7OQky2cVCHC7wGZZvgrnWIIqeg==",
      "cpu": [
        "arm"
      ],
      "optional": true,
      "os": [
        "android"
      ],
      "engines": {
        "node": ">= 10"
      }
    },
    "node_modules/@node-rs/crc32-android-arm64": {
      "version": "1.5.1",
      "resolved": "https://registry.npmjs.org/@node-rs/crc32-android-arm64/-/crc32-android-arm64-1.5.1.tgz",
      "integrity": "sha512-pdSaFLNl9qGVk/5Q6CMp89V7+W+CxHNDrN/fNVZq9VilgNrLhJW7HeQIhKa8Sa+wZ3vENP8mc79B/WbujyfA3Q==",
      "cpu": [
        "arm64"
      ],
      "optional": true,
      "os": [
        "android"
      ],
      "engines": {
        "node": ">= 10"
      }
    },
    "node_modules/@node-rs/crc32-darwin-arm64": {
      "version": "1.5.1",
      "resolved": "https://registry.npmjs.org/@node-rs/crc32-darwin-arm64/-/crc32-darwin-arm64-1.5.1.tgz",
      "integrity": "sha512-jplUknfG4/LGr7XdcsLdM14w0yHq7zzu+80MKJFZwWzdeQBhtbXYrkY8fzp7Ih+l1Uru72R+Tx2AMNxgjBiUew==",
      "cpu": [
        "arm64"
      ],
      "optional": true,
      "os": [
        "darwin"
      ],
      "engines": {
        "node": ">= 10"
      }
    },
    "node_modules/@node-rs/crc32-darwin-x64": {
      "version": "1.5.1",
      "resolved": "https://registry.npmjs.org/@node-rs/crc32-darwin-x64/-/crc32-darwin-x64-1.5.1.tgz",
      "integrity": "sha512-shonLEeViiUBdl0yZ2LU3rZxmdmNGDa+nnlcO3n3fvQdk4DwQigXIBhJbV+6w1Xvjnrof4iuO9wYZoMCQDCoBw==",
      "cpu": [
        "x64"
      ],
      "optional": true,
      "os": [
        "darwin"
      ],
      "engines": {
        "node": ">= 10"
      }
    },
    "node_modules/@node-rs/crc32-freebsd-x64": {
      "version": "1.5.1",
      "resolved": "https://registry.npmjs.org/@node-rs/crc32-freebsd-x64/-/crc32-freebsd-x64-1.5.1.tgz",
      "integrity": "sha512-adCp3Sl/b96GmCcqONCYnkgymwr1R2lFEOSIKXpwdmB0QbygqyHyt9WQTrWqESgtvMJxxFF973wFnUbSzTz6Ow==",
      "cpu": [
        "x64"
      ],
      "optional": true,
      "os": [
        "freebsd"
      ],
      "engines": {
        "node": ">= 10"
      }
    },
    "node_modules/@node-rs/crc32-linux-arm-gnueabihf": {
      "version": "1.5.1",
      "resolved": "https://registry.npmjs.org/@node-rs/crc32-linux-arm-gnueabihf/-/crc32-linux-arm-gnueabihf-1.5.1.tgz",
      "integrity": "sha512-gWNtzBPBDrMBuz+nRtbp6ziJSkUo2RopwAZ1Yg6sKRjyZx4aa0DNXOxVJkr5ZQNuvopBaFet42XYqS9SuoTMrQ==",
      "cpu": [
        "arm"
      ],
      "optional": true,
      "os": [
        "linux"
      ],
      "engines": {
        "node": ">= 10"
      }
    },
    "node_modules/@node-rs/crc32-linux-arm64-gnu": {
      "version": "1.5.1",
      "resolved": "https://registry.npmjs.org/@node-rs/crc32-linux-arm64-gnu/-/crc32-linux-arm64-gnu-1.5.1.tgz",
      "integrity": "sha512-8DmoVY0acSlSz1A3aWQmvVPOHNfWCGvfocV9QTF9xdhzrJDZFCLcSFggsYAYmaFL6RDU8o8uY9DOfA+DSKdUsQ==",
      "cpu": [
        "arm64"
      ],
      "optional": true,
      "os": [
        "linux"
      ],
      "engines": {
        "node": ">= 10"
      }
    },
    "node_modules/@node-rs/crc32-linux-arm64-musl": {
      "version": "1.5.1",
      "resolved": "https://registry.npmjs.org/@node-rs/crc32-linux-arm64-musl/-/crc32-linux-arm64-musl-1.5.1.tgz",
      "integrity": "sha512-bgHXkt5TMUXcD52FOtwvQh5AjSgCIXPgUclm1WuDN1MbXZXdih3fO8H1wvBerHv1L4dYfzQJxHxkDmGytDjHTw==",
      "cpu": [
        "arm64"
      ],
      "optional": true,
      "os": [
        "linux"
      ],
      "engines": {
        "node": ">= 10"
      }
    },
    "node_modules/@node-rs/crc32-linux-x64-gnu": {
      "version": "1.5.1",
      "resolved": "https://registry.npmjs.org/@node-rs/crc32-linux-x64-gnu/-/crc32-linux-x64-gnu-1.5.1.tgz",
      "integrity": "sha512-7A5b6xh8jdDzd1xVlS9mrzyvbrnWL5z9VgJy6lcm222Ae1va/uxWdQpPxhl9aqIQbvi++6nS+FfewKZUYbaZQg==",
      "cpu": [
        "x64"
      ],
      "optional": true,
      "os": [
        "linux"
      ],
      "engines": {
        "node": ">= 10"
      }
    },
    "node_modules/@node-rs/crc32-linux-x64-musl": {
      "version": "1.5.1",
      "resolved": "https://registry.npmjs.org/@node-rs/crc32-linux-x64-musl/-/crc32-linux-x64-musl-1.5.1.tgz",
      "integrity": "sha512-XcW/gBkq7NiARM9XqNDK9P/ukzlRCmsD2Yp0U7eIl3lh6kYEpFynySTU5KbTu6zwAKy4ni/OdOkZFcKDkvTS1w==",
      "cpu": [
        "x64"
      ],
      "optional": true,
      "os": [
        "linux"
      ],
      "engines": {
        "node": ">= 10"
      }
    },
    "node_modules/@node-rs/crc32-win32-arm64-msvc": {
      "version": "1.5.1",
      "resolved": "https://registry.npmjs.org/@node-rs/crc32-win32-arm64-msvc/-/crc32-win32-arm64-msvc-1.5.1.tgz",
      "integrity": "sha512-MB1zZChv7LUvgQAW0m7RloFIIWGfzmgj63nuDkzm3ImTkL/VmJuQ3hAD4jWctWd0edX+WoZdqI9YDvggnXbUmg==",
      "cpu": [
        "arm64"
      ],
      "optional": true,
      "os": [
        "win32"
      ],
      "engines": {
        "node": ">= 10"
      }
    },
    "node_modules/@node-rs/crc32-win32-ia32-msvc": {
      "version": "1.5.1",
      "resolved": "https://registry.npmjs.org/@node-rs/crc32-win32-ia32-msvc/-/crc32-win32-ia32-msvc-1.5.1.tgz",
      "integrity": "sha512-OByR728WARMiPJQHnGnveQum2cXEqZqB4AsQwuaaonkFWQFVyr6HKEF9+icCtX4rnRw5GHWOGXojEGUO5FR/Iw==",
      "cpu": [
        "ia32"
      ],
      "optional": true,
      "os": [
        "win32"
      ],
      "engines": {
        "node": ">= 10"
      }
    },
    "node_modules/@node-rs/crc32-win32-x64-msvc": {
      "version": "1.5.1",
      "resolved": "https://registry.npmjs.org/@node-rs/crc32-win32-x64-msvc/-/crc32-win32-x64-msvc-1.5.1.tgz",
      "integrity": "sha512-Jl3gosWZLo/VyLMWj87eqUT6nBqLsl9+7PPSF5bc7QCCayOrYEcA70zD47u3UnwK9Qae8E7318H0FhGh+W87Bw==",
      "cpu": [
        "x64"
      ],
      "optional": true,
      "os": [
        "win32"
      ],
      "engines": {
        "node": ">= 10"
      }
    },
    "node_modules/@node-rs/helper": {
      "version": "1.3.3",
      "resolved": "https://registry.npmjs.org/@node-rs/helper/-/helper-1.3.3.tgz",
      "integrity": "sha512-p4OdfQObGN9YFy5WZaGwlPYICQSe7xZYyXB0sxREmvj1HzGKp5bPg2PlfgfMZEfnjIA882B9ZrnagYzZihIwjA==",
      "optional": true,
      "dependencies": {
        "@napi-rs/triples": "^1.1.0"
      }
    },
    "node_modules/int24": {
      "version": "0.0.1",
      "resolved": "https://registry.npmjs.org/int24/-/int24-0.0.1.tgz",
      "integrity": "sha512-ejbvNztXZUPwWGY0XbmchjGot2+oRp5dySWFnOS56ZY03x6YuPFpCFdD9PtT9Tw4qifLcbCKd4Rs1iDvNEGIPA==",
      "optional": true
    },
    "node_modules/lodash": {
      "version": "4.17.21",
      "resolved": "https://registry.npmjs.org/lodash/-/lodash-4.17.21.tgz",
      "integrity": "sha512-v2kDEe57lecTulaDIuNTPy3Ry4gLGJ6Z1O3vE1krgXZNrsQ+LFTGHVxVjcXPs17LhbZVGedAJv8XZ1tvj5FvSg=="
    },
    "node_modules/node-fetch": {
      "version": "2.6.7",
      "resolved": "https://registry.npmjs.org/node-fetch/-/node-fetch-2.6.7.tgz",
      "integrity": "sha512-ZjMPFEfVx5j+y2yF35Kzx5sF7kDzxuDj6ziH4FFbOp87zKDZNx8yExJIb05OGF4Nlt9IHFIMBkRl41VdvcNdbQ==",
      "dependencies": {
        "whatwg-url": "^5.0.0"
      },
      "engines": {
        "node": "4.x || >=6.0.0"
      },
      "peerDependencies": {
        "encoding": "^0.1.0"
      },
      "peerDependenciesMeta": {
        "encoding": {
          "optional": true
        }
      }
    },
    "node_modules/node-state": {
      "version": "1.4.4",
      "resolved": "https://registry.npmjs.org/node-state/-/node-state-1.4.4.tgz",
      "integrity": "sha512-t7xAS3BK9uliXU5tfaV7B5M1EACAhQV4J1367Huq1liMX87EyrxpjjayTcsIrBO2lO8xJJqNrL1oGe+udvrZ6A==",
      "engines": {
        "node": ">=0.6.6"
      }
    },
    "node_modules/nsqjs": {
      "version": "0.13.0",
      "resolved": "https://registry.npmjs.org/nsqjs/-/nsqjs-0.13.0.tgz",
      "integrity": "sha512-h4sZoJu8qumYYGLts9ObWl+eK3BzkbBuE7UhrQYkLMQvaeHXFlGfBXB5IcgNBRQVOuEVRfT/1V4bPpgiJyN/RQ==",
      "dependencies": {
        "lodash": "^4.17.15",
        "node-fetch": "^2.6.1",
        "node-state": "~1.4.4"
      },
      "engines": {
        "node": ">= 12.13.0"
      },
      "optionalDependencies": {
        "snappystream": "^2.0.0"
      }
    },
    "node_modules/snappystream": {
      "version": "2.0.0",
      "resolved": "https://registry.npmjs.org/snappystream/-/snappystream-2.0.0.tgz",
      "integrity": "sha512-Uu8wVCmd4R7W46HfHd6+E0kIFZlZ80heUyUyaCePhvIPCJF+uzpeAry5/6WNmeqx8SJiSdr0N635qUtL3AqzWg==",
      "optional": true,
      "dependencies": {
        "@napi-rs/snappy": "^1.0.1",
        "@node-rs/crc32": "^1.1.2",
        "int24": "0.0.1"
      },
      "engines": {
        "node": ">=12"
      }
    },
    "node_modules/tr46": {
      "version": "0.0.3",
      "resolved": "https://registry.npmjs.org/tr46/-/tr46-0.0.3.tgz",
      "integrity": "sha512-N3WMsuqV66lT30CrXNbEjx4GEwlow3v6rr4mCcv6prnfwhS01rkgyFdjPNBYd9br7LpXV1+Emh01fHnq2Gdgrw=="
    },
    "node_modules/webidl-conversions": {
      "version": "3.0.1",
      "resolved": "https://registry.npmjs.org/webidl-conversions/-/webidl-conversions-3.0.1.tgz",
      "integrity": "sha512-2JAn3z8AR6rjK8Sm8orRC0h/bcl/DqL7tRPdGZ4I1CjdF+EaMLmYxBHyXuKL849eucPFhvBoxMsflfOb8kxaeQ=="
    },
    "node_modules/whatwg-url": {
      "version": "5.0.0",
      "resolved": "https://registry.npmjs.org/whatwg-url/-/whatwg-url-5.0.0.tgz",
      "integrity": "sha512-saE57nupxk6v3HY35+jzBwYa0rKSy0XR8JSxZPwgLr7ys0IBzhGviA1/TUGJLmSVqs8pb9AnvICXEuOHLprYTw==",
      "dependencies": {
        "tr46": "~0.0.3",
        "webidl-conversions": "^3.0.0"
      }
    }
  },
  "dependencies": {
    "@napi-rs/snappy": {
      "version": "1.0.2",
      "resolved": "https://registry.npmjs.org/@napi-rs/snappy/-/snappy-1.0.2.tgz",
      "integrity": "sha512-QHuTPh/HCmDfXSnswisrfpq20rwRh5Xl5pR0BEfR/31cTN3IesH6RD0tcs7/ZuGld+EsT/O9ksDyTEKYOque6g==",
      "optional": true,
      "requires": {
        "@napi-rs/snappy-android-arm64": "^1.0.2",
        "@napi-rs/snappy-darwin-arm64": "^1.0.2",
        "@napi-rs/snappy-darwin-x64": "^1.0.2",
        "@napi-rs/snappy-freebsd-x64": "^1.0.2",
        "@napi-rs/snappy-linux-arm-gnueabihf": "^1.0.2",
        "@napi-rs/snappy-linux-arm64-gnu": "^1.0.2",
        "@napi-rs/snappy-linux-arm64-musl": "^1.0.2",
        "@napi-rs/snappy-linux-x64-gnu": "^1.0.2",
        "@napi-rs/snappy-linux-x64-musl": "^1.0.2",
        "@napi-rs/snappy-win32-arm64-msvc": "^1.0.2",
        "@napi-rs/snappy-win32-ia32-msvc": "^1.0.2",
        "@napi-rs/snappy-win32-x64-msvc": "^1.0.2",
        "@node-rs/helper": "^1.2.0"
      }
    },
    "@napi-rs/snappy-android-arm64": {
      "version": "1.0.2",
      "resolved": "https://registry.npmjs.org/@napi-rs/snappy-android-arm64/-/snappy-android-arm64-1.0.2.tgz",
      "integrity": "sha512-I7VLnv6lJDquMX3AlC8JZREUplxOyPrqCeTLOg8eojISByyjCdEbn8xPzr8sdz2AF9fqzhqC3Hs9SOw3CtP/xg==",
      "optional": true
    },
    "@napi-rs/snappy-darwin-arm64": {
      "version": "1.0.2",
      "resolved": "https://registry.npmjs.org/@napi-rs/snappy-darwin-arm64/-/snappy-darwin-arm64-1.0.2.tgz",
      "integrity": "sha512-bORHtrSu8zYklG5JyxOU2wseRo3tj8+WioP28M8TBseYVLrd+zckLVAia5J89NJD08LwJUdH/yW8VV3s+u8aLA==",
      "optional": true
    },
    "@napi-rs/snappy-darwin-x64": {
      "version": "1.0.2",
      "resolved": "https://registry.npmjs.org/@napi-rs/snappy-darwin-x64/-/snappy-darwin-x64-1.0.2.tgz",
      "integrity": "sha512-FaJ2O23ALj7PLlDCOr5Jlzb4F+cGO4dfc+8xFbYC1XdAqvItZD7toRGs8g5sisdWJDRDpcP8jByF7XK2RIOLqQ==",
      "optional": true
    },
    "@napi-rs/snappy-freebsd-x64": {
      "version": "1.0.2",
      "resolved": "https://registry.npmjs.org/@napi-rs/snappy-freebsd-x64/-/snappy-freebsd-x64-1.0.2.tgz",
      "integrity": "sha512-oc4ahBFXL0zsSmO0bwtrTB8I1RBMNo2YPYlHdAf4SIFaqXkY3DHIDOSsLFSEvgQ0MKkBLZ8gtADheUz1Jr8HDQ==",
      "optional": true
    },
    "@napi-rs/snappy-linux-arm-gnueabihf": {
      "version": "1.0.2",
      "resolved": "https://registry.npmjs.org/@napi-rs/snappy-linux-arm-gnueabihf/-/snappy-linux-arm-gnueabihf-1.0.2.tgz",
      "integrity": "sha512-9v4aKeYbdmgsLZBNaCr9Ws7mmtLrMjIeDMc0fytkCil4bmRJG86/nqMgq5jx1zC8waHYRp9GT2Vf53eVW/JXFA==",
      "optional": true
    },
    "@napi-rs/snappy-linux-arm64-gnu": {
      "version": "1.0.2",
      "resolved": "https://registry.npmjs.org/@napi-rs/snappy-linux-arm64-gnu/-/snappy-linux-arm64-gnu-1.0.2.tgz",
      "integrity": "sha512-TljVpKLrlMzLMP0zW6Teqf2T0BWNvPMlzl/956XIxlEyH2lwNJKTOti/KdOsodamZK2M6zl9hMniao0QVcMHNQ==",
      "optional": true
    },
    "@napi-rs/snappy-linux-arm64-musl": {
      "version": "1.0.2",
      "resolved": "https://registry.npmjs.org/@napi-rs/snappy-linux-arm64-musl/-/snappy-linux-arm64-musl-1.0.2.tgz",
      "integrity": "sha512-XbIGdGb8r8j2CDCKDqs0FLr8VgQbdIUM5x6OEDjp5Mw3HeSDsDCGmNioJvzQl0t28ftDitE4BUeaMJM6OHYcAw==",
      "optional": true
    },
    "@napi-rs/snappy-linux-x64-gnu": {
      "version": "1.0.2",
      "resolved": "https://registry.npmjs.org/@napi-rs/snappy-linux-x64-gnu/-/snappy-linux-x64-gnu-1.0.2.tgz",
      "integrity": "sha512-XUJuwM7X7WaQ7TN3orog9/P1B7agDjW84eWbx45MHMalCkf/O14pWeehCBr7PKzQb7DVFNCPG9Z16VNNr2kxMg==",
      "optional": true
    },
    "@napi-rs/snappy-linux-x64-musl": {
      "version": "1.0.2",
      "resolved": "https://registry.npmjs.org/@napi-rs/snappy-linux-x64-musl/-/snappy-linux-x64-musl-1.0.2.tgz",
      "integrity": "sha512-pAPPy+fFCP1gXr7Bbn1Nfsq3875WJdf54ti2oKKf3lgL22+afz9m2dMn1/GuWET1vzCaoGaEjb59J9J11cN8lg==",
      "optional": true
    },
    "@napi-rs/snappy-win32-arm64-msvc": {
      "version": "1.0.2",
      "resolved": "https://registry.npmjs.org/@napi-rs/snappy-win32-arm64-msvc/-/snappy-win32-arm64-msvc-1.0.2.tgz",
      "integrity": "sha512-2amNgMm8LFhI8KzWlCuHByBKsCiB4c9ur5EY0PZCfbbUL+d8TRcVeHLndgUtgCqT+m+T35LXV6jpL3jF6vS3PQ==",
      "optional": true
    },
    "@napi-rs/snappy-win32-ia32-msvc": {
      "version": "1.0.2",
      "resolved": "https://registry.npmjs.org/@napi-rs/snappy-win32-ia32-msvc/-/snappy-win32-ia32-msvc-1.0.2.tgz",
      "integrity": "sha512-Z0ujqNb6ybi3CBZYV/dKZRQ3V0YqX74xwO0n/vV4FG+kjMbmz1x2O5B+cbpBdYciPLf/oN1EJMEbf/e+csHXig==",
      "optional": true
    },
    "@napi-rs/snappy-win32-x64-msvc": {
      "version": "1.0.2",
      "resolved": "https://registry.npmjs.org/@napi-rs/snappy-win32-x64-msvc/-/snappy-win32-x64-msvc-1.0.2.tgz",
      "integrity": "sha512-mpGGtdJp0+myWzVqtfkKcjdN8rXgN2b8ox6WxEe5CNga/vV8LdIpBl4HgQ4/GTd1PolG9v7eXqnl5Rli+yb8Nw==",
      "optional": true
    },
    "@napi-rs/triples": {
      "version": "1.1.0",
      "resolved": "https://registry.npmjs.org/@napi-rs/triples/-/triples-1.1.0.tgz",
      "integrity": "sha512-XQr74QaLeMiqhStEhLn1im9EOMnkypp7MZOwQhGzqp2Weu5eQJbpPxWxixxlYRKWPOmJjsk6qYfYH9kq43yc2w==",
      "optional": true
    },
    "@node-rs/crc32": {
      "version": "1.5.1",
      "resolved": "https://registry.npmjs.org/@node-rs/crc32/-/crc32-1.5.1.tgz",
      "integrity": "sha512-hq+gKqI4nmPwTVumCoknw3JyWzYCcwjIVOVAtdQlhueqqkvLLxXueBfA4e/6hAZwZhrGbvlccuKCil+q8yeLEw==",
      "optional": true,
      "requires": {
        "@node-rs/crc32-android-arm-eabi": "1.5.1",
        "@node-rs/crc32-android-arm64": "1.5.1",
        "@node-rs/crc32-darwin-arm64": "1.5.1",
        "@node-rs/crc32-darwin-x64": "1.5.1",
        "@node-rs/crc32-freebsd-x64": "1.5.1",
        "@node-rs/crc32-linux-arm-gnueabihf": "1.5.1",
        "@node-rs/crc32-linux-arm64-gnu": "1.5.1",
        "@node-rs/crc32-linux-arm64-musl": "1.5.1",
        "@node-rs/crc32-linux-x64-gnu": "1.5.1",
        "@node-rs/crc32-linux-x64-musl": "1.5.1",
        "@node-rs/crc32-win32-arm64-msvc": "1.5.1",
        "@node-rs/crc32-win32-ia32-msvc": "1.5.1",
        "@node-rs/crc32-win32-x64-msvc": "1.5.1"
      }
    },
    "@node-rs/crc32-android-arm-eabi": {
      "version": "1.5.1",
      "resolved": "https://registry.npmjs.org/@node-rs/crc32-android-arm-eabi/-/crc32-android-arm-eabi-1.5.1.tgz",
      "integrity": "sha512-F1yUl/6arGr+zG0bxvAaJ39M15E8X7PkWBeVZzYctEvs67txCUddLY10tyuG7OQky2cVCHC7wGZZvgrnWIIqeg==",
      "optional": true
    },
    "@node-rs/crc32-android-arm64": {
      "version": "1.5.1",
      "resolved": "https://registry.npmjs.org/@node-rs/crc32-android-arm64/-/crc32-android-arm64-1.5.1.tgz",
      "integrity": "sha512-pdSaFLNl9qGVk/5Q6CMp89V7+W+CxHNDrN/fNVZq9VilgNrLhJW7HeQIhKa8Sa+wZ3vENP8mc79B/WbujyfA3Q==",
      "optional": true
    },
    "@node-rs/crc32-darwin-arm64": {
      "version": "1.5.1",
      "resolved": "https://registry.npmjs.org/@node-rs/crc32-darwin-arm64/-/crc32-darwin-arm64-1.5.1.tgz",
      "integrity": "sha512-jplUknfG4/LGr7XdcsLdM14w0yHq7zzu+80MKJFZwWzdeQBhtbXYrkY8fzp7Ih+l1Uru72R+Tx2AMNxgjBiUew==",
      "optional": true
    },
    "@node-rs/crc32-darwin-x64": {
      "version": "1.5.1",
      "resolved": "https://registry.npmjs.org/@node-rs/crc32-darwin-x64/-/crc32-darwin-x64-1.5.1.tgz",
      "integrity": "sha512-shonLEeViiUBdl0yZ2LU3rZxmdmNGDa+nnlcO3n3fvQdk4DwQigXIBhJbV+6w1Xvjnrof4iuO9wYZoMCQDCoBw==",
      "optional": true
    },
    "@node-rs/crc32-freebsd-x64": {
      "version": "1.5.1",
      "resolved": "https://registry.npmjs.org/@node-rs/crc32-freebsd-x64/-/crc32-freebsd-x64-1.5.1.tgz",
      "integrity": "sha512-adCp3Sl/b96GmCcqONCYnkgymwr1R2lFEOSIKXpwdmB0QbygqyHyt9WQTrWqESgtvMJxxFF973wFnUbSzTz6Ow==",
      "optional": true
    },
    "@node-rs/crc32-linux-arm-gnueabihf": {
      "version": "1.5.1",
      "resolved": "https://registry.npmjs.org/@node-rs/crc32-linux-arm-gnueabihf/-/crc32-linux-arm-gnueabihf-1.5.1.tgz",
      "integrity": "sha512-gWNtzBPBDrMBuz+nRtbp6ziJSkUo2RopwAZ1Yg6sKRjyZx4aa0DNXOxVJkr5ZQNuvopBaFet42XYqS9SuoTMrQ==",
      "optional": true
    },
    "@node-rs/crc32-linux-arm64-gnu": {
      "version": "1.5.1",
      "resolved": "https://registry.npmjs.org/@node-rs/crc32-linux-arm64-gnu/-/crc32-linux-arm64-gnu-1.5.1.tgz",
      "integrity": "sha512-8DmoVY0acSlSz1A3aWQmvVPOHNfWCGvfocV9QTF9xdhzrJDZFCLcSFggsYAYmaFL6RDU8o8uY9DOfA+DSKdUsQ==",
      "optional": true
    },
    "@node-rs/crc32-linux-arm64-musl": {
      "version": "1.5.1",
      "resolved": "https://registry.npmjs.org/@node-rs/crc32-linux-arm64-musl/-/crc32-linux-arm64-musl-1.5.1.tgz",
      "integrity": "sha512-bgHXkt5TMUXcD52FOtwvQh5AjSgCIXPgUclm1WuDN1MbXZXdih3fO8H1wvBerHv1L4dYfzQJxHxkDmGytDjHTw==",
      "optional": true
    },
    "@node-rs/crc32-linux-x64-gnu": {
      "version": "1.5.1",
      "resolved": "https://registry.npmjs.org/@node-rs/crc32-linux-x64-gnu/-/crc32-linux-x64-gnu-1.5.1.tgz",
      "integrity": "sha512-7A5b6xh8jdDzd1xVlS9mrzyvbrnWL5z9VgJy6lcm222Ae1va/uxWdQpPxhl9aqIQbvi++6nS+FfewKZUYbaZQg==",
      "optional": true
    },
    "@node-rs/crc32-linux-x64-musl": {
      "version": "1.5.1",
      "resolved": "https://registry.npmjs.org/@node-rs/crc32-linux-x64-musl/-/crc32-linux-x64-musl-1.5.1.tgz",
      "integrity": "sha512-XcW/gBkq7NiARM9XqNDK9P/ukzlRCmsD2Yp0U7eIl3lh6kYEpFynySTU5KbTu6zwAKy4ni/OdOkZFcKDkvTS1w==",
      "optional": true
    },
    "@node-rs/crc32-win32-arm64-msvc": {
      "version": "1.5.1",
      "resolved": "https://registry.npmjs.org/@node-rs/crc32-win32-arm64-msvc/-/crc32-win32-arm64-msvc-1.5.1.tgz",
      "integrity": "sha512-MB1zZChv7LUvgQAW0m7RloFIIWGfzmgj63nuDkzm3ImTkL/VmJuQ3hAD4jWctWd0edX+WoZdqI9YDvggnXbUmg==",
      "optional": true
    },
    "@node-rs/crc32-win32-ia32-msvc": {
      "version": "1.5.1",
      "resolved": "https://registry.npmjs.org/@node-rs/crc32-win32-ia32-msvc/-/crc32-win32-ia32-msvc-1.5.1.tgz",
      "integrity": "sha512-OByR728WARMiPJQHnGnveQum2cXEqZqB4AsQwuaaonkFWQFVyr6HKEF9+icCtX4rnRw5GHWOGXojEGUO5FR/Iw==",
      "optional": true
    },
    "@node-rs/crc32-win32-x64-msvc": {
      "version": "1.5.1",
      "resolved": "https://registry.npmjs.org/@node-rs/crc32-win32-x64-msvc/-/crc32-win32-x64-msvc-1.5.1.tgz",
      "integrity": "sha512-Jl3gosWZLo/VyLMWj87eqUT6nBqLsl9+7PPSF5bc7QCCayOrYEcA70zD47u3UnwK9Qae8E7318H0FhGh+W87Bw==",
      "optional": true
    },
    "@node-rs/helper": {
      "version": "1.3.3",
      "resolved": "https://registry.npmjs.org/@node-rs/helper/-/helper-1.3.3.tgz",
      "integrity": "sha512-p4OdfQObGN9YFy5WZaGwlPYICQSe7xZYyXB0sxREmvj1HzGKp5bPg2PlfgfMZEfnjIA882B9ZrnagYzZihIwjA==",
      "optional": true,
      "requires": {
        "@napi-rs/triples": "^1.1.0"
      }
    },
    "int24": {
      "version": "0.0.1",
      "resolved": "https://registry.npmjs.org/int24/-/int24-0.0.1.tgz",
      "integrity": "sha512-ejbvNztXZUPwWGY0XbmchjGot2+oRp5dySWFnOS56ZY03x6YuPFpCFdD9PtT9Tw4qifLcbCKd4Rs1iDvNEGIPA==",
      "optional": true
    },
    "lodash": {
      "version": "4.17.21",
      "resolved": "https://registry.npmjs.org/lodash/-/lodash-4.17.21.tgz",
      "integrity": "sha512-v2kDEe57lecTulaDIuNTPy3Ry4gLGJ6Z1O3vE1krgXZNrsQ+LFTGHVxVjcXPs17LhbZVGedAJv8XZ1tvj5FvSg=="
    },
    "node-fetch": {
      "version": "2.6.7",
      "resolved": "https://registry.npmjs.org/node-fetch/-/node-fetch-2.6.7.tgz",
      "integrity": "sha512-ZjMPFEfVx5j+y2yF35Kzx5sF7kDzxuDj6ziH4FFbOp87zKDZNx8yExJIb05OGF4Nlt9IHFIMBkRl41VdvcNdbQ==",
      "requires": {
        "whatwg-url": "^5.0.0"
      }
    },
    "node-state": {
      "version": "1.4.4",
      "resolved": "https://registry.npmjs.org/node-state/-/node-state-1.4.4.tgz",
      "integrity": "sha512-t7xAS3BK9uliXU5tfaV7B5M1EACAhQV4J1367Huq1liMX87EyrxpjjayTcsIrBO2lO8xJJqNrL1oGe+udvrZ6A=="
    },
    "nsqjs": {
      "version": "0.13.0",
      "resolved": "https://registry.npmjs.org/nsqjs/-/nsqjs-0.13.0.tgz",
      "integrity": "sha512-h4sZoJu8qumYYGLts9ObWl+eK3BzkbBuE7UhrQYkLMQvaeHXFlGfBXB5IcgNBRQVOuEVRfT/1V4bPpgiJyN/RQ==",
      "requires": {
        "lodash": "^4.17.15",
        "node-fetch": "^2.6.1",
        "node-state": "~1.4.4",
        "snappystream": "^2.0.0"
      }
    },
    "snappystream": {
      "version": "2.0.0",
      "resolved": "https://registry.npmjs.org/snappystream/-/snappystream-2.0.0.tgz",
      "integrity": "sha512-Uu8wVCmd4R7W46HfHd6+E0kIFZlZ80heUyUyaCePhvIPCJF+uzpeAry5/6WNmeqx8SJiSdr0N635qUtL3AqzWg==",
      "optional": true,
      "requires": {
        "@napi-rs/snappy": "^1.0.1",
        "@node-rs/crc32": "^1.1.2",
        "int24": "0.0.1"
      }
    },
    "tr46": {
      "version": "0.0.3",
      "resolved": "https://registry.npmjs.org/tr46/-/tr46-0.0.3.tgz",
      "integrity": "sha512-N3WMsuqV66lT30CrXNbEjx4GEwlow3v6rr4mCcv6prnfwhS01rkgyFdjPNBYd9br7LpXV1+Emh01fHnq2Gdgrw=="
    },
    "webidl-conversions": {
      "version": "3.0.1",
      "resolved": "https://registry.npmjs.org/webidl-conversions/-/webidl-conversions-3.0.1.tgz",
      "integrity": "sha512-2JAn3z8AR6rjK8Sm8orRC0h/bcl/DqL7tRPdGZ4I1CjdF+EaMLmYxBHyXuKL849eucPFhvBoxMsflfOb8kxaeQ=="
    },
    "whatwg-url": {
      "version": "5.0.0",
      "resolved": "https://registry.npmjs.org/whatwg-url/-/whatwg-url-5.0.0.tgz",
      "integrity": "sha512-saE57nupxk6v3HY35+jzBwYa0rKSy0XR8JSxZPwgLr7ys0IBzhGviA1/TUGJLmSVqs8pb9AnvICXEuOHLprYTw==",
      "requires": {
        "tr46": "~0.0.3",
        "webidl-conversions": "^3.0.0"
      }
    }
  }
}
