version = 1
revision = 2
requires-python = ">=3.12"

[[package]]
name = "colorama"
version = "0.4.6"
source = { registry = "https://pypi.org/simple" }
sdist = { url = "https://files.pythonhosted.org/packages/d8/53/6f443c9a4a8358a93a6792e2acffb9d9d5cb0a5cfd8802644b7b1c9a02e4/colorama-0.4.6.tar.gz", hash = "sha256:08695f5cb7ed6e0531a20572697297273c47b8cae5a63ffc6d6ed5c201be6e44", size = 27697, upload-time = "2022-10-25T02:36:22.414Z" }
wheels = [
    { url = "https://files.pythonhosted.org/packages/d1/d6/3965ed04c63042e047cb6a3e6ed1a63a35087b6a609aa3a15ed8ac56c221/colorama-0.4.6-py2.py3-none-any.whl", hash = "sha256:4f1d9991f5acc0ca119f9d443620b77f9d6b33703e51011c16baf57afb285fc6", size = 25335, upload-time = "2022-10-25T02:36:20.889Z" },
]

[[package]]
name = "hiredis"
version = "3.3.0"
source = { registry = "https://pypi.org/simple" }
sdist = { url = "https://files.pythonhosted.org/packages/65/82/d2817ce0653628e0a0cb128533f6af0dd6318a49f3f3a6a7bd1f2f2154af/hiredis-3.3.0.tar.gz", hash = "sha256:105596aad9249634361815c574351f1bd50455dc23b537c2940066c4a9dea685", size = 89048, upload-time = "2025-10-14T16:33:34.263Z" }
wheels = [
    { url = "https://files.pythonhosted.org/packages/48/1c/ed28ae5d704f5c7e85b946fa327f30d269e6272c847fef7e91ba5fc86193/hiredis-3.3.0-cp312-cp312-macosx_10_15_universal2.whl", hash = "sha256:5b8e1d6a2277ec5b82af5dce11534d3ed5dffeb131fd9b210bc1940643b39b5f", size = 82026, upload-time = "2025-10-14T16:32:12.004Z" },
    { url = "https://files.pythonhosted.org/packages/f4/9b/79f30c5c40e248291023b7412bfdef4ad9a8a92d9e9285d65d600817dac7/hiredis-3.3.0-cp312-cp312-macosx_10_15_x86_64.whl", hash = "sha256:c4981de4d335f996822419e8a8b3b87367fcef67dc5fb74d3bff4df9f6f17783", size = 46217, upload-time = "2025-10-14T16:32:13.133Z" },
    { url = "https://files.pythonhosted.org/packages/e7/c3/02b9ed430ad9087aadd8afcdf616717452d16271b701fa47edfe257b681e/hiredis-3.3.0-cp312-cp312-macosx_11_0_arm64.whl", hash = "sha256:1706480a683e328ae9ba5d704629dee2298e75016aa0207e7067b9c40cecc271", size = 41858, upload-time = "2025-10-14T16:32:13.98Z" },
    { url = "https://files.pythonhosted.org/packages/f1/98/b2a42878b82130a535c7aa20bc937ba2d07d72e9af3ad1ad93e837c419b5/hiredis-3.3.0-cp312-cp312-manylinux2014_aarch64.manylinux_2_17_aarch64.manylinux_2_28_aarch64.whl", hash = "sha256:0a95cef9989736ac313639f8f545b76b60b797e44e65834aabbb54e4fad8d6c8", size = 170195, upload-time = "2025-10-14T16:32:14.728Z" },
    { url = "https://files.pythonhosted.org/packages/66/1d/9dcde7a75115d3601b016113d9b90300726fa8e48aacdd11bf01a453c145/hiredis-3.3.0-cp312-cp312-manylinux2014_ppc64le.manylinux_2_17_ppc64le.manylinux_2_28_ppc64le.whl", hash = "sha256:ca2802934557ccc28a954414c245ba7ad904718e9712cb67c05152cf6b9dd0a3", size = 181808, upload-time = "2025-10-14T16:32:15.622Z" },
    { url = "https://files.pythonhosted.org/packages/56/a1/60f6bda9b20b4e73c85f7f5f046bc2c154a5194fc94eb6861e1fd97ced52/hiredis-3.3.0-cp312-cp312-manylinux2014_s390x.manylinux_2_17_s390x.manylinux_2_28_s390x.whl", hash = "sha256:fe730716775f61e76d75810a38ee4c349d3af3896450f1525f5a4034cf8f2ed7", size = 180578, upload-time = "2025-10-14T16:32:16.514Z" },
    { url = "https://files.pythonhosted.org/packages/d9/01/859d21de65085f323a701824e23ea3330a0ac05f8e184544d7aa5c26128d/hiredis-3.3.0-cp312-cp312-manylinux2014_x86_64.manylinux_2_17_x86_64.manylinux_2_28_x86_64.whl", hash = "sha256:749faa69b1ce1f741f5eaf743435ac261a9262e2d2d66089192477e7708a9abc", size = 172508, upload-time = "2025-10-14T16:32:17.411Z" },
    { url = "https://files.pythonhosted.org/packages/99/a8/28fd526e554c80853d0fbf57ef2a3235f00e4ed34ce0e622e05d27d0f788/hiredis-3.3.0-cp312-cp312-musllinux_1_2_aarch64.whl", hash = "sha256:95c9427f2ac3f1dd016a3da4e1161fa9d82f221346c8f3fdd6f3f77d4e28946c", size = 166341, upload-time = "2025-10-14T16:32:18.561Z" },
    { url = "https://files.pythonhosted.org/packages/f2/91/ded746b7d2914f557fbbf77be55e90d21f34ba758ae10db6591927c642c8/hiredis-3.3.0-cp312-cp312-musllinux_1_2_ppc64le.whl", hash = "sha256:c863ee44fe7bff25e41f3a5105c936a63938b76299b802d758f40994ab340071", size = 176765, upload-time = "2025-10-14T16:32:19.491Z" },
    { url = "https://files.pythonhosted.org/packages/d6/4c/04aa46ff386532cb5f08ee495c2bf07303e93c0acf2fa13850e031347372/hiredis-3.3.0-cp312-cp312-musllinux_1_2_s390x.whl", hash = "sha256:2213c7eb8ad5267434891f3241c7776e3bafd92b5933fc57d53d4456247dc542", size = 170312, upload-time = "2025-10-14T16:32:20.404Z" },
    { url = "https://files.pythonhosted.org/packages/90/6e/67f9d481c63f542a9cf4c9f0ea4e5717db0312fb6f37fb1f78f3a66de93c/hiredis-3.3.0-cp312-cp312-musllinux_1_2_x86_64.whl", hash = "sha256:a172bae3e2837d74530cd60b06b141005075db1b814d966755977c69bd882ce8", size = 167965, upload-time = "2025-10-14T16:32:21.259Z" },
    { url = "https://files.pythonhosted.org/packages/7a/df/dde65144d59c3c0d85e43255798f1fa0c48d413e668cfd92b3d9f87924ef/hiredis-3.3.0-cp312-cp312-win32.whl", hash = "sha256:cb91363b9fd6d41c80df9795e12fffbaf5c399819e6ae8120f414dedce6de068", size = 20533, upload-time = "2025-10-14T16:32:22.192Z" },
    { url = "https://files.pythonhosted.org/packages/f5/a9/55a4ac9c16fdf32e92e9e22c49f61affe5135e177ca19b014484e28950f7/hiredis-3.3.0-cp312-cp312-win_amd64.whl", hash = "sha256:04ec150e95eea3de9ff8bac754978aa17b8bf30a86d4ab2689862020945396b0", size = 22379, upload-time = "2025-10-14T16:32:22.916Z" },
    { url = "https://files.pythonhosted.org/packages/6d/39/2b789ebadd1548ccb04a2c18fbc123746ad1a7e248b7f3f3cac618ca10a6/hiredis-3.3.0-cp313-cp313-macosx_10_15_universal2.whl", hash = "sha256:b7048b4ec0d5dddc8ddd03da603de0c4b43ef2540bf6e4c54f47d23e3480a4fa", size = 82035, upload-time = "2025-10-14T16:32:23.715Z" },
    { url = "https://files.pythonhosted.org/packages/85/74/4066d9c1093be744158ede277f2a0a4e4cd0fefeaa525c79e2876e9e5c72/hiredis-3.3.0-cp313-cp313-macosx_10_15_x86_64.whl", hash = "sha256:e5f86ce5a779319c15567b79e0be806e8e92c18bb2ea9153e136312fafa4b7d6", size = 46219, upload-time = "2025-10-14T16:32:24.554Z" },
    { url = "https://files.pythonhosted.org/packages/fa/3f/f9e0f6d632f399d95b3635703e1558ffaa2de3aea4cfcbc2d7832606ba43/hiredis-3.3.0-cp313-cp313-macosx_11_0_arm64.whl", hash = "sha256:fbdb97a942e66016fff034df48a7a184e2b7dc69f14c4acd20772e156f20d04b", size = 41860, upload-time = "2025-10-14T16:32:25.356Z" },
    { url = "https://files.pythonhosted.org/packages/4a/c5/b7dde5ec390dabd1cabe7b364a509c66d4e26de783b0b64cf1618f7149fc/hiredis-3.3.0-cp313-cp313-manylinux2014_aarch64.manylinux_2_17_aarch64.manylinux_2_28_aarch64.whl", hash = "sha256:b0fb4bea72fe45ff13e93ddd1352b43ff0749f9866263b5cca759a4c960c776f", size = 170094, upload-time = "2025-10-14T16:32:26.148Z" },
    { url = "https://files.pythonhosted.org/packages/3e/d6/7f05c08ee74d41613be466935688068e07f7b6c55266784b5ace7b35b766/hiredis-3.3.0-cp313-cp313-manylinux2014_ppc64le.manylinux_2_17_ppc64le.manylinux_2_28_ppc64le.whl", hash = "sha256:85b9baf98050e8f43c2826ab46aaf775090d608217baf7af7882596aef74e7f9", size = 181746, upload-time = "2025-10-14T16:32:27.844Z" },
    { url = "https://files.pythonhosted.org/packages/0e/d2/aaf9f8edab06fbf5b766e0cae3996324297c0516a91eb2ca3bd1959a0308/hiredis-3.3.0-cp313-cp313-manylinux2014_s390x.manylinux_2_17_s390x.manylinux_2_28_s390x.whl", hash = "sha256:69079fb0f0ebb61ba63340b9c4bce9388ad016092ca157e5772eb2818209d930", size = 180465, upload-time = "2025-10-14T16:32:29.185Z" },
    { url = "https://files.pythonhosted.org/packages/8d/1e/93ded8b9b484519b211fc71746a231af98c98928e3ebebb9086ed20bb1ad/hiredis-3.3.0-cp313-cp313-manylinux2014_x86_64.manylinux_2_17_x86_64.manylinux_2_28_x86_64.whl", hash = "sha256:c17f77b79031ea4b0967d30255d2ae6e7df0603ee2426ad3274067f406938236", size = 172419, upload-time = "2025-10-14T16:32:30.059Z" },
    { url = "https://files.pythonhosted.org/packages/68/13/02880458e02bbfcedcaabb8f7510f9dda1c89d7c1921b1bb28c22bb38cbf/hiredis-3.3.0-cp313-cp313-musllinux_1_2_aarch64.whl", hash = "sha256:45d14f745fc177bc05fc24bdf20e2b515e9a068d3d4cce90a0fb78d04c9c9d9a", size = 166400, upload-time = "2025-10-14T16:32:31.173Z" },
    { url = "https://files.pythonhosted.org/packages/11/60/896e03267670570f19f61dc65a2137fcb2b06e83ab0911d58eeec9f3cb88/hiredis-3.3.0-cp313-cp313-musllinux_1_2_ppc64le.whl", hash = "sha256:ba063fdf1eff6377a0c409609cbe890389aefddfec109c2d20fcc19cfdafe9da", size = 176845, upload-time = "2025-10-14T16:32:32.12Z" },
    { url = "https://files.pythonhosted.org/packages/f1/90/a1d4bd0cdcf251fda72ac0bd932f547b48ad3420f89bb2ef91bf6a494534/hiredis-3.3.0-cp313-cp313-musllinux_1_2_s390x.whl", hash = "sha256:1799cc66353ad066bfdd410135c951959da9f16bcb757c845aab2f21fc4ef099", size = 170365, upload-time = "2025-10-14T16:32:33.035Z" },
    { url = "https://files.pythonhosted.org/packages/f1/9a/7c98f7bb76bdb4a6a6003cf8209721f083e65d2eed2b514f4a5514bda665/hiredis-3.3.0-cp313-cp313-musllinux_1_2_x86_64.whl", hash = "sha256:2cbf71a121996ffac82436b6153290815b746afb010cac19b3290a1644381b07", size = 168022, upload-time = "2025-10-14T16:32:34.81Z" },
    { url = "https://files.pythonhosted.org/packages/0d/ca/672ee658ffe9525558615d955b554ecd36aa185acd4431ccc9701c655c9b/hiredis-3.3.0-cp313-cp313-win32.whl", hash = "sha256:a7cbbc6026bf03659f0b25e94bbf6e64f6c8c22f7b4bc52fe569d041de274194", size = 20533, upload-time = "2025-10-14T16:32:35.7Z" },
    { url = "https://files.pythonhosted.org/packages/20/93/511fd94f6a7b6d72a4cf9c2b159bf3d780585a9a1dca52715dd463825299/hiredis-3.3.0-cp313-cp313-win_amd64.whl", hash = "sha256:a8def89dd19d4e2e4482b7412d453dec4a5898954d9a210d7d05f60576cedef6", size = 22387, upload-time = "2025-10-14T16:32:36.441Z" },
    { url = "https://files.pythonhosted.org/packages/aa/b3/b948ee76a6b2bc7e45249861646f91f29704f743b52565cf64cee9c4658b/hiredis-3.3.0-cp314-cp314-macosx_10_15_universal2.whl", hash = "sha256:c135bda87211f7af9e2fd4e046ab433c576cd17b69e639a0f5bb2eed5e0e71a9", size = 82105, upload-time = "2025-10-14T16:32:37.204Z" },
    { url = "https://files.pythonhosted.org/packages/a2/9b/4210f4ebfb3ab4ada964b8de08190f54cbac147198fb463cd3c111cc13e0/hiredis-3.3.0-cp314-cp314-macosx_10_15_x86_64.whl", hash = "sha256:2f855c678230aed6fc29b962ce1cc67e5858a785ef3a3fd6b15dece0487a2e60", size = 46237, upload-time = "2025-10-14T16:32:38.07Z" },
    { url = "https://files.pythonhosted.org/packages/b3/7a/e38bfd7d04c05036b4ccc6f42b86b1032185cf6ae426e112a97551fece14/hiredis-3.3.0-cp314-cp314-macosx_11_0_arm64.whl", hash = "sha256:4059c78a930cbb33c391452ccce75b137d6f89e2eebf6273d75dafc5c2143c03", size = 41894, upload-time = "2025-10-14T16:32:38.929Z" },
    { url = "https://files.pythonhosted.org/packages/28/d3/eae43d9609c5d9a6effef0586ee47e13a0d84b44264b688d97a75cd17ee5/hiredis-3.3.0-cp314-cp314-manylinux2014_aarch64.manylinux_2_17_aarch64.manylinux_2_28_aarch64.whl", hash = "sha256:334a3f1d14c253bb092e187736c3384203bd486b244e726319bbb3f7dffa4a20", size = 170486, upload-time = "2025-10-14T16:32:40.147Z" },
    { url = "https://files.pythonhosted.org/packages/c3/fd/34d664554880b27741ab2916d66207357563b1639e2648685f4c84cfb755/hiredis-3.3.0-cp314-cp314-manylinux2014_ppc64le.manylinux_2_17_ppc64le.manylinux_2_28_ppc64le.whl", hash = "sha256:fd137b147235447b3d067ec952c5b9b95ca54b71837e1b38dbb2ec03b89f24fc", size = 182031, upload-time = "2025-10-14T16:32:41.06Z" },
    { url = "https://files.pythonhosted.org/packages/08/a3/0c69fdde3f4155b9f7acc64ccffde46f312781469260061b3bbaa487fd34/hiredis-3.3.0-cp314-cp314-manylinux2014_s390x.manylinux_2_17_s390x.manylinux_2_28_s390x.whl", hash = "sha256:8f88f4f2aceb73329ece86a1cb0794fdbc8e6d614cb5ca2d1023c9b7eb432db8", size = 180542, upload-time = "2025-10-14T16:32:42.993Z" },
    { url = "https://files.pythonhosted.org/packages/68/7a/ad5da4d7bc241e57c5b0c4fe95aa75d1f2116e6e6c51577394d773216e01/hiredis-3.3.0-cp314-cp314-manylinux2014_x86_64.manylinux_2_17_x86_64.manylinux_2_28_x86_64.whl", hash = "sha256:550f4d1538822fc75ebf8cf63adc396b23d4958bdbbad424521f2c0e3dfcb169", size = 172353, upload-time = "2025-10-14T16:32:43.965Z" },
    { url = "https://files.pythonhosted.org/packages/4b/dc/c46eace64eb047a5b31acd5e4b0dc6d2f0390a4a3f6d507442d9efa570ad/hiredis-3.3.0-cp314-cp314-musllinux_1_2_aarch64.whl", hash = "sha256:54b14211fbd5930fc696f6fcd1f1f364c660970d61af065a80e48a1fa5464dd6", size = 166435, upload-time = "2025-10-14T16:32:44.97Z" },
    { url = "https://files.pythonhosted.org/packages/4a/ac/ad13a714e27883a2e4113c980c94caf46b801b810de5622c40f8d3e8335f/hiredis-3.3.0-cp314-cp314-musllinux_1_2_ppc64le.whl", hash = "sha256:c9e96f63dbc489fc86f69951e9f83dadb9582271f64f6822c47dcffa6fac7e4a", size = 177218, upload-time = "2025-10-14T16:32:45.936Z" },
    { url = "https://files.pythonhosted.org/packages/c2/38/268fabd85b225271fe1ba82cb4a484fcc1bf922493ff2c74b400f1a6f339/hiredis-3.3.0-cp314-cp314-musllinux_1_2_s390x.whl", hash = "sha256:106e99885d46684d62ab3ec1d6b01573cc0e0083ac295b11aaa56870b536c7ec", size = 170477, upload-time = "2025-10-14T16:32:46.898Z" },
    { url = "https://files.pythonhosted.org/packages/20/6b/02bb8af810ea04247334ab7148acff7a61c08a8832830c6703f464be83a9/hiredis-3.3.0-cp314-cp314-musllinux_1_2_x86_64.whl", hash = "sha256:087e2ef3206361281b1a658b5b4263572b6ba99465253e827796964208680459", size = 167915, upload-time = "2025-10-14T16:32:47.847Z" },
    { url = "https://files.pythonhosted.org/packages/83/94/901fa817e667b2e69957626395e6dee416e31609dca738f28e6b545ca6c2/hiredis-3.3.0-cp314-cp314-win32.whl", hash = "sha256:80638ebeab1cefda9420e9fedc7920e1ec7b4f0513a6b23d58c9d13c882f8065", size = 21165, upload-time = "2025-10-14T16:32:50.753Z" },
    { url = "https://files.pythonhosted.org/packages/b1/7e/4881b9c1d0b4cdaba11bd10e600e97863f977ea9d67c5988f7ec8cd363e5/hiredis-3.3.0-cp314-cp314-win_amd64.whl", hash = "sha256:a68aaf9ba024f4e28cf23df9196ff4e897bd7085872f3a30644dca07fa787816", size = 22996, upload-time = "2025-10-14T16:32:51.543Z" },
    { url = "https://files.pythonhosted.org/packages/a7/b6/d7e6c17da032665a954a89c1e6ee3bd12cb51cd78c37527842b03519981d/hiredis-3.3.0-cp314-cp314t-macosx_10_15_universal2.whl", hash = "sha256:f7f80442a32ce51ee5d89aeb5a84ee56189a0e0e875f1a57bbf8d462555ae48f", size = 83034, upload-time = "2025-10-14T16:32:52.395Z" },
    { url = "https://files.pythonhosted.org/packages/27/6c/6751b698060cdd1b2d8427702cff367c9ed7a1705bcf3792eb5b896f149b/hiredis-3.3.0-cp314-cp314t-macosx_10_15_x86_64.whl", hash = "sha256:a1a67530da714954ed50579f4fe1ab0ddbac9c43643b1721c2cb226a50dde263", size = 46701, upload-time = "2025-10-14T16:32:53.572Z" },
    { url = "https://files.pythonhosted.org/packages/ce/8e/20a5cf2c83c7a7e08c76b9abab113f99f71cd57468a9c7909737ce6e9bf8/hiredis-3.3.0-cp314-cp314t-macosx_11_0_arm64.whl", hash = "sha256:616868352e47ab355559adca30f4f3859f9db895b4e7bc71e2323409a2add751", size = 42381, upload-time = "2025-10-14T16:32:54.762Z" },
    { url = "https://files.pythonhosted.org/packages/be/0a/547c29c06e8c9c337d0df3eec39da0cf1aad701daf8a9658dd37f25aca66/hiredis-3.3.0-cp314-cp314t-manylinux2014_aarch64.manylinux_2_17_aarch64.manylinux_2_28_aarch64.whl", hash = "sha256:e799b79f3150083e9702fc37e6243c0bd47a443d6eae3f3077b0b3f510d6a145", size = 180313, upload-time = "2025-10-14T16:32:55.644Z" },
    { url = "https://files.pythonhosted.org/packages/89/8a/488de5469e3d0921a1c425045bf00e983d48b2111a90e47cf5769eaa536c/hiredis-3.3.0-cp314-cp314t-manylinux2014_ppc64le.manylinux_2_17_ppc64le.manylinux_2_28_ppc64le.whl", hash = "sha256:9ef1dfb0d2c92c3701655e2927e6bbe10c499aba632c7ea57b6392516df3864b", size = 190488, upload-time = "2025-10-14T16:32:56.649Z" },
    { url = "https://files.pythonhosted.org/packages/b5/59/8493edc3eb9ae0dbea2b2230c2041a52bc03e390b02ffa3ac0bca2af9aea/hiredis-3.3.0-cp314-cp314t-manylinux2014_s390x.manylinux_2_17_s390x.manylinux_2_28_s390x.whl", hash = "sha256:c290da6bc2a57e854c7da9956cd65013483ede935677e84560da3b848f253596", size = 189210, upload-time = "2025-10-14T16:32:57.759Z" },
    { url = "https://files.pythonhosted.org/packages/f0/de/8c9a653922057b32fb1e2546ecd43ef44c9aa1a7cf460c87cae507eb2bc7/hiredis-3.3.0-cp314-cp314t-manylinux2014_x86_64.manylinux_2_17_x86_64.manylinux_2_28_x86_64.whl", hash = "sha256:fd8c438d9e1728f0085bf9b3c9484d19ec31f41002311464e75b69550c32ffa8", size = 180972, upload-time = "2025-10-14T16:32:58.737Z" },
    { url = "https://files.pythonhosted.org/packages/e4/a3/51e6e6afaef2990986d685ca6e254ffbd191f1635a59b2d06c9e5d10c8a2/hiredis-3.3.0-cp314-cp314t-musllinux_1_2_aarch64.whl", hash = "sha256:1bbc6b8a88bbe331e3ebf6685452cebca6dfe6d38a6d4efc5651d7e363ba28bd", size = 175315, upload-time = "2025-10-14T16:32:59.774Z" },
    { url = "https://files.pythonhosted.org/packages/96/54/e436312feb97601f70f8b39263b8da5ac4a5d18305ebdfb08ad7621f6119/hiredis-3.3.0-cp314-cp314t-musllinux_1_2_ppc64le.whl", hash = "sha256:55d8c18fe9a05496c5c04e6eccc695169d89bf358dff964bcad95696958ec05f", size = 185653, upload-time = "2025-10-14T16:33:00.749Z" },
    { url = "https://files.pythonhosted.org/packages/ed/a3/88e66030d066337c6c0f883a912c6d4b2d6d7173490fbbc113a6cbe414ff/hiredis-3.3.0-cp314-cp314t-musllinux_1_2_s390x.whl", hash = "sha256:4ddc79afa76b805d364e202a754666cb3c4d9c85153cbfed522871ff55827838", size = 179032, upload-time = "2025-10-14T16:33:01.711Z" },
    { url = "https://files.pythonhosted.org/packages/bc/1f/fb7375467e9adaa371cd617c2984fefe44bdce73add4c70b8dd8cab1b33a/hiredis-3.3.0-cp314-cp314t-musllinux_1_2_x86_64.whl", hash = "sha256:8e8a4b8540581dcd1b2b25827a54cfd538e0afeaa1a0e3ca87ad7126965981cc", size = 176127, upload-time = "2025-10-14T16:33:02.793Z" },
    { url = "https://files.pythonhosted.org/packages/66/14/0dc2b99209c400f3b8f24067273e9c3cb383d894e155830879108fb19e98/hiredis-3.3.0-cp314-cp314t-win32.whl", hash = "sha256:298593bb08487753b3afe6dc38bac2532e9bac8dcee8d992ef9977d539cc6776", size = 22024, upload-time = "2025-10-14T16:33:03.812Z" },
    { url = "https://files.pythonhosted.org/packages/b2/2f/8a0befeed8bbe142d5a6cf3b51e8cbe019c32a64a596b0ebcbc007a8f8f1/hiredis-3.3.0-cp314-cp314t-win_amd64.whl", hash = "sha256:b442b6ab038a6f3b5109874d2514c4edf389d8d8b553f10f12654548808683bc", size = 23808, upload-time = "2025-10-14T16:33:04.965Z" },
]

[[package]]
name = "iniconfig"
version = "2.3.0"
source = { registry = "https://pypi.org/simple" }
sdist = { url = "https://files.pythonhosted.org/packages/72/34/14ca021ce8e5dfedc35312d08ba8bf51fdd999c576889fc2c24cb97f4f10/iniconfig-2.3.0.tar.gz", hash = "sha256:c76315c77db068650d49c5b56314774a7804df16fee4402c1f19d6d15d8c4730", size = 20503, upload-time = "2025-10-18T21:55:43.219Z" }
wheels = [
    { url = "https://files.pythonhosted.org/packages/cb/b1/3846dd7f199d53cb17f49cba7e651e9ce294d8497c8c150530ed11865bb8/iniconfig-2.3.0-py3-none-any.whl", hash = "sha256:f631c04d2c48c52b84d0d0549c99ff3859c98df65b3101406327ecc7d53fbf12", size = 7484, upload-time = "2025-10-18T21:55:41.639Z" },
]

[[package]]
name = "nodeenv"
version = "1.9.1"
source = { registry = "https://pypi.org/simple" }
sdist = { url = "https://files.pythonhosted.org/packages/43/16/fc88b08840de0e0a72a2f9d8c6bae36be573e475a6326ae854bcc549fc45/nodeenv-1.9.1.tar.gz", hash = "sha256:6ec12890a2dab7946721edbfbcd91f3319c6ccc9aec47be7c7e6b7011ee6645f", size = 47437, upload-time = "2024-06-04T18:44:11.171Z" }
wheels = [
    { url = "https://files.pythonhosted.org/packages/d2/1d/1b658dbd2b9fa9c4c9f32accbfc0205d532c8c6194dc0f2a4c0428e7128a/nodeenv-1.9.1-py2.py3-none-any.whl", hash = "sha256:ba11c9782d29c27c70ffbdda2d7415098754709be8a7056d79a737cd901155c9", size = 22314, upload-time = "2024-06-04T18:44:08.352Z" },
]

[[package]]
name = "packaging"
version = "25.0"
source = { registry = "https://pypi.org/simple" }
sdist = { url = "https://files.pythonhosted.org/packages/a1/d4/1fc4078c65507b51b96ca8f8c3ba19e6a61c8253c72794544580a7b6c24d/packaging-25.0.tar.gz", hash = "sha256:d443872c98d677bf60f6a1f2f8c1cb748e8fe762d2bf9d3148b5599295b0fc4f", size = 165727, upload-time = "2025-04-19T11:48:59.673Z" }
wheels = [
    { url = "https://files.pythonhosted.org/packages/20/12/38679034af332785aac8774540895e234f4d07f7545804097de4b666afd8/packaging-25.0-py3-none-any.whl", hash = "sha256:29572ef2b1f17581046b3a2227d5c611fb25ec70ca1ba8554b24b0e69331a484", size = 66469, upload-time = "2025-04-19T11:48:57.875Z" },
]

[[package]]
name = "pluggy"
version = "1.6.0"
source = { registry = "https://pypi.org/simple" }
sdist = { url = "https://files.pythonhosted.org/packages/f9/e2/3e91f31a7d2b083fe6ef3fa267035b518369d9511ffab804f839851d2779/pluggy-1.6.0.tar.gz", hash = "sha256:7dcc130b76258d33b90f61b658791dede3486c3e6bfb003ee5c9bfb396dd22f3", size = 69412, upload-time = "2025-05-15T12:30:07.975Z" }
wheels = [
    { url = "https://files.pythonhosted.org/packages/54/20/4d324d65cc6d9205fabedc306948156824eb9f0ee1633355a8f7ec5c66bf/pluggy-1.6.0-py3-none-any.whl", hash = "sha256:e920276dd6813095e9377c0bc5566d94c932c33b27a3e3945d8389c374dd4746", size = 20538, upload-time = "2025-05-15T12:30:06.134Z" },
]

[[package]]
name = "py-playground"
version = "0.1.0"
source = { editable = "." }
dependencies = [
    { name = "pytest" },
    { name = "pytest-asyncio" },
    { name = "redis", extra = ["hiredis"] },
]

[package.dev-dependencies]
dev = [
    { name = "pyright" },
    { name = "pytest-asyncio" },
]

[package.metadata]
requires-dist = [
    { name = "pytest", specifier = ">=9.0.1" },
    { name = "pytest-asyncio", specifier = ">=1.3.0" },
    { name = "redis", extras = ["hiredis"], specifier = ">=7.1.0" },
]

[package.metadata.requires-dev]
dev = [
    { name = "pyright", specifier = ">=1.1.407" },
    { name = "pytest-asyncio", specifier = ">=1.3.0" },
]

[[package]]
name = "pygments"
version = "2.19.2"
source = { registry = "https://pypi.org/simple" }
sdist = { url = "https://files.pythonhosted.org/packages/b0/77/a5b8c569bf593b0140bde72ea885a803b82086995367bf2037de0159d924/pygments-2.19.2.tar.gz", hash = "sha256:636cb2477cec7f8952536970bc533bc43743542f70392ae026374600add5b887", size = 4968631, upload-time = "2025-06-21T13:39:12.283Z" }
wheels = [
    { url = "https://files.pythonhosted.org/packages/c7/21/705964c7812476f378728bdf590ca4b771ec72385c533964653c68e86bdc/pygments-2.19.2-py3-none-any.whl", hash = "sha256:86540386c03d588bb81d44bc3928634ff26449851e99741617ecb9037ee5ec0b", size = 1225217, upload-time = "2025-06-21T13:39:07.939Z" },
]

[[package]]
name = "pyright"
version = "1.1.407"
source = { registry = "https://pypi.org/simple" }
dependencies = [
    { name = "nodeenv" },
    { name = "typing-extensions" },
]
sdist = { url = "https://files.pythonhosted.org/packages/a6/1b/0aa08ee42948b61745ac5b5b5ccaec4669e8884b53d31c8ec20b2fcd6b6f/pyright-1.1.407.tar.gz", hash = "sha256:099674dba5c10489832d4a4b2d302636152a9a42d317986c38474c76fe562262", size = 4122872, upload-time = "2025-10-24T23:17:15.145Z" }
wheels = [
    { url = "https://files.pythonhosted.org/packages/dc/93/b69052907d032b00c40cb656d21438ec00b3a471733de137a3f65a49a0a0/pyright-1.1.407-py3-none-any.whl", hash = "sha256:6dd419f54fcc13f03b52285796d65e639786373f433e243f8b94cf93a7444d21", size = 5997008, upload-time = "2025-10-24T23:17:13.159Z" },
]

[[package]]
name = "pytest"
version = "9.0.1"
source = { registry = "https://pypi.org/simple" }
dependencies = [
    { name = "colorama", marker = "sys_platform == 'win32'" },
    { name = "iniconfig" },
    { name = "packaging" },
    { name = "pluggy" },
    { name = "pygments" },
]
sdist = { url = "https://files.pythonhosted.org/packages/07/56/f013048ac4bc4c1d9be45afd4ab209ea62822fb1598f40687e6bf45dcea4/pytest-9.0.1.tar.gz", hash = "sha256:3e9c069ea73583e255c3b21cf46b8d3c56f6e3a1a8f6da94ccb0fcf57b9d73c8", size = 1564125, upload-time = "2025-11-12T13:05:09.333Z" }
wheels = [
    { url = "https://files.pythonhosted.org/packages/0b/8b/6300fb80f858cda1c51ffa17075df5d846757081d11ab4aa35cef9e6258b/pytest-9.0.1-py3-none-any.whl", hash = "sha256:67be0030d194df2dfa7b556f2e56fb3c3315bd5c8822c6951162b92b32ce7dad", size = 373668, upload-time = "2025-11-12T13:05:07.379Z" },
]

[[package]]
name = "pytest-asyncio"
version = "1.3.0"
source = { registry = "https://pypi.org/simple" }
dependencies = [
    { name = "pytest" },
    { name = "typing-extensions", marker = "python_full_version < '3.13'" },
]
sdist = { url = "https://files.pythonhosted.org/packages/90/2c/8af215c0f776415f3590cac4f9086ccefd6fd463befeae41cd4d3f193e5a/pytest_asyncio-1.3.0.tar.gz", hash = "sha256:d7f52f36d231b80ee124cd216ffb19369aa168fc10095013c6b014a34d3ee9e5", size = 50087, upload-time = "2025-11-10T16:07:47.256Z" }
wheels = [
    { url = "https://files.pythonhosted.org/packages/e5/35/f8b19922b6a25bc0880171a2f1a003eaeb93657475193ab516fd87cac9da/pytest_asyncio-1.3.0-py3-none-any.whl", hash = "sha256:611e26147c7f77640e6d0a92a38ed17c3e9848063698d5c93d5aa7aa11cebff5", size = 15075, upload-time = "2025-11-10T16:07:45.537Z" },
]

[[package]]
name = "redis"
version = "7.1.0"
source = { registry = "https://pypi.org/simple" }
sdist = { url = "https://files.pythonhosted.org/packages/43/c8/983d5c6579a411d8a99bc5823cc5712768859b5ce2c8afe1a65b37832c81/redis-7.1.0.tar.gz", hash = "sha256:b1cc3cfa5a2cb9c2ab3ba700864fb0ad75617b41f01352ce5779dabf6d5f9c3c", size = 4796669, upload-time = "2025-11-19T15:54:39.961Z" }
wheels = [
    { url = "https://files.pythonhosted.org/packages/89/f0/8956f8a86b20d7bb9d6ac0187cf4cd54d8065bc9a1a09eb8011d4d326596/redis-7.1.0-py3-none-any.whl", hash = "sha256:23c52b208f92b56103e17c5d06bdc1a6c2c0b3106583985a76a18f83b265de2b", size = 354159, upload-time = "2025-11-19T15:54:38.064Z" },
]

[package.optional-dependencies]
hiredis = [
    { name = "hiredis" },
]

[[package]]
name = "typing-extensions"
version = "4.15.0"
source = { registry = "https://pypi.org/simple" }
sdist = { url = "https://files.pythonhosted.org/packages/72/94/1a15dd82efb362ac84269196e94cf00f187f7ed21c242792a923cdb1c61f/typing_extensions-4.15.0.tar.gz", hash = "sha256:0cea48d173cc12fa28ecabc3b837ea3cf6f38c6d1136f85cbaaf598984861466", size = 109391, upload-time = "2025-08-25T13:49:26.313Z" }
wheels = [
    { url = "https://files.pythonhosted.org/packages/18/67/36e9267722cc04a6b9f15c7f3441c2363321a3ea07da7ae0c0707beb2a9c/typing_extensions-4.15.0-py3-none-any.whl", hash = "sha256:f0fa19c6845758ab08074a0cfa8b7aecb71c999ca73d62883bc25cc018c4e548", size = 44614, upload-time = "2025-08-25T13:49:24.86Z" },
]
